// !$*UTF8*$!
{
	archiveVersion = 1;
	classes = {
	};
	objectVersion = 50;
	objects = {

/* Begin PBXBuildFile section */
		90789CC5213B28E400044124 /* AppDelegate.swift in Sources */ = {isa = PBXBuildFile; fileRef = 90789CC4213B28E400044124 /* AppDelegate.swift */; };
		90789CC7213B28E400044124 /* ViewController.swift in Sources */ = {isa = PBXBuildFile; fileRef = 90789CC6213B28E400044124 /* ViewController.swift */; };
		90789CCA213B28E400044124 /* Main.storyboard in Resources */ = {isa = PBXBuildFile; fileRef = 90789CC8213B28E400044124 /* Main.storyboard */; };
		90789CCC213B28E500044124 /* Assets.xcassets in Resources */ = {isa = PBXBuildFile; fileRef = 90789CCB213B28E500044124 /* Assets.xcassets */; };
		90789CCF213B28E500044124 /* LaunchScreen.storyboard in Resources */ = {isa = PBXBuildFile; fileRef = 90789CCD213B28E500044124 /* LaunchScreen.storyboard */; };
		90977DBD2141B7A8003E7622 /* CollectionViewCell.swift in Sources */ = {isa = PBXBuildFile; fileRef = 90977DBC2141B7A8003E7622 /* CollectionViewCell.swift */; };
		90977DBF2141C7C1003E7622 /* imageViewController.swift in Sources */ = {isa = PBXBuildFile; fileRef = 90977DBE2141C7C1003E7622 /* imageViewController.swift */; };
/* End PBXBuildFile section */

/* Begin PBXFileReference section */
		90789CC1213B28E400044124 /* CustomCollectionView.app */ = {isa = PBXFileReference; explicitFileType = wrapper.application; includeInIndex = 0; path = CustomCollectionView.app; sourceTree = BUILT_PRODUCTS_DIR; };
		90789CC4213B28E400044124 /* AppDelegate.swift */ = {isa = PBXFileReference; lastKnownFileType = sourcecode.swift; path = AppDelegate.swift; sourceTree = "<group>"; };
		90789CC6213B28E400044124 /* ViewController.swift */ = {isa = PBXFileReference; lastKnownFileType = sourcecode.swift; path = ViewController.swift; sourceTree = "<group>"; };
		90789CC9213B28E400044124 /* Base */ = {isa = PBXFileReference; lastKnownFileType = file.storyboard; name = Base; path = Base.lproj/Main.storyboard; sourceTree = "<group>"; };
		90789CCB213B28E500044124 /* Assets.xcassets */ = {isa = PBXFileReference; lastKnownFileType = folder.assetcatalog; path = Assets.xcassets; sourceTree = "<group>"; };
		90789CCE213B28E500044124 /* Base */ = {isa = PBXFileReference; lastKnownFileType = file.storyboard; name = Base; path = Base.lproj/LaunchScreen.storyboard; sourceTree = "<group>"; };
		90789CD0213B28E500044124 /* Info.plist */ = {isa = PBXFileReference; lastKnownFileType = text.plist.xml; path = Info.plist; sourceTree = "<group>"; };
		90977DBC2141B7A8003E7622 /* CollectionViewCell.swift */ = {isa = PBXFileReference; lastKnownFileType = sourcecode.swift; path = CollectionViewCell.swift; sourceTree = "<group>"; };
		90977DBE2141C7C1003E7622 /* imageViewController.swift */ = {isa = PBXFileReference; lastKnownFileType = sourcecode.swift; path = imageViewController.swift; sourceTree = "<group>"; };
/* End PBXFileReference section */

/* Begin PBXFrameworksBuildPhase section */
		90789CBE213B28E400044124 /* Frameworks */ = {
			isa = PBXFrameworksBuildPhase;
			buildActionMask = 2147483647;
			files = (
			);
			runOnlyForDeploymentPostprocessing = 0;
		};
/* End PBXFrameworksBuildPhase section */

/* Begin PBXGroup section */
		90789CB8213B28E400044124 = {
			isa = PBXGroup;
			children = (
				90789CC3213B28E400044124 /* CustomCollectionView */,
				90789CC2213B28E400044124 /* Products */,
			);
			sourceTree = "<group>";
		};
		90789CC2213B28E400044124 /* Products */ = {
			isa = PBXGroup;
			children = (
				90789CC1213B28E400044124 /* CustomCollectionView.app */,
			);
			name = Products;
			sourceTree = "<group>";
		};
		90789CC3213B28E400044124 /* CustomCollectionView */ = {
			isa = PBXGroup;
			children = (
				90789CC4213B28E400044124 /* AppDelegate.swift */,
				90789CC6213B28E400044124 /* ViewController.swift */,
				90789CC8213B28E400044124 /* Main.storyboard */,
				90977DBE2141C7C1003E7622 /* imageViewController.swift */,
				90977DBC2141B7A8003E7622 /* CollectionViewCell.swift */,
				90789CCB213B28E500044124 /* Assets.xcassets */,
				90789CCD213B28E500044124 /* LaunchScreen.storyboard */,
				90789CD0213B28E500044124 /* Info.plist */,
			);
			path = CustomCollectionView;
			sourceTree = "<group>";
		};
/* End PBXGroup section */

/* Begin PBXNativeTarget section */
		90789CC0213B28E400044124 /* CustomCollectionView */ = {
			isa = PBXNativeTarget;
			buildConfigurationList = 90789CD3213B28E500044124 /* Build configuration list for PBXNativeTarget "CustomCollectionView" */;
			buildPhases = (
				90789CBD213B28E400044124 /* Sources */,
				90789CBE213B28E400044124 /* Frameworks */,
				90789CBF213B28E400044124 /* Resources */,
			);
			buildRules = (
			);
			dependencies = (
			);
			name = CustomCollectionView;
			productName = CustomCollectionView;
			productReference = 90789CC1213B28E400044124 /* CustomCollectionView.app */;
			productType = "com.apple.product-type.application";
		};
/* End PBXNativeTarget section */

/* Begin PBXProject section */
		90789CB9213B28E400044124 /* Project object */ = {
			isa = PBXProject;
			attributes = {
				LastSwiftUpdateCheck = 0940;
				LastUpgradeCheck = 0940;
				ORGANIZATIONNAME = Ravan;
				TargetAttributes = {
					90789CC0213B28E400044124 = {
						CreatedOnToolsVersion = 9.4.1;
					};
				};
			};
			buildConfigurationList = 90789CBC213B28E400044124 /* Build configuration list for PBXProject "CustomCollectionView" */;
			compatibilityVersion = "Xcode 9.3";
			developmentRegion = en;
			hasScannedForEncodings = 0;
			knownRegions = (
				en,
				Base,
			);
			mainGroup = 90789CB8213B28E400044124;
			productRefGroup = 90789CC2213B28E400044124 /* Products */;
			projectDirPath = "";
			projectRoot = "";
			targets = (
				90789CC0213B28E400044124 /* CustomCollectionView */,
			);
		};
/* End PBXProject section */

/* Begin PBXResourcesBuildPhase section */
		90789CBF213B28E400044124 /* Resources */ = {
			isa = PBXResourcesBuildPhase;
			buildActionMask = 2147483647;
			files = (
				90789CCF213B28E500044124 /* LaunchScreen.storyboard in Resources */,
				90789CCC213B28E500044124 /* Assets.xcassets in Resources */,
				90789CCA213B28E400044124 /* Main.storyboard in Resources */,
			);
			runOnlyForDeploymentPostprocessing = 0;
		};
/* End PBXResourcesBuildPhase section */

/* Begin PBXSourcesBuildPhase section */
		90789CBD213B28E400044124 /* Sources */ = {
			isa = PBXSourcesBuildPhase;
			buildActionMask = 2147483647;
			files = (
				90789CC7213B28E400044124 /* ViewController.swift in Sources */,
				90789CC5213B28E400044124 /* AppDelegate.swift in Sources */,
				90977DBF2141C7C1003E7622 /* imageViewController.swift in Sources */,
				90977DBD2141B7A8003E7622 /* CollectionViewCell.swift in Sources */,
			);
			runOnlyForDeploymentPostprocessing = 0;
		};
/* End PBXSourcesBuildPhase section */

/* Begin PBXVariantGroup section */
		90789CC8213B28E400044124 /* Main.storyboard */ = {
			isa = PBXVariantGroup;
			children = (
				90789CC9213B28E400044124 /* Base */,
			);
			name = Main.storyboard;
			sourceTree = "<group>";
		};
		90789CCD213B28E500044124 /* LaunchScreen.storyboard */ = {
			isa = PBXVariantGroup;
			children = (
				90789CCE213B28E500044124 /* Base */,
			);
			name = LaunchScreen.storyboard;
			sourceTree = "<group>";
		};
/* End PBXVariantGroup section */

/* Begin XCBuildConfiguration section */
		90789CD1213B28E500044124 /* Debug */ = {
			isa = XCBuildConfiguration;
			buildSettings = {
				ALWAYS_SEARCH_USER_PATHS = NO;
				CLANG_ANALYZER_NONNULL = YES;
				CLANG_ANALYZER_NUMBER_OBJECT_CONVERSION = YES_AGGRESSIVE;
				CLANG_CXX_LANGUAGE_STANDARD = "gnu++14";
				CLANG_CXX_LIBRARY = "libc++";
				CLANG_ENABLE_MODULES = YES;
				CLANG_ENABLE_OBJC_ARC = YES;
				CLANG_ENABLE_OBJC_WEAK = YES;
				CLANG_WARN_BLOCK_CAPTURE_AUTORELEASING = YES;
				CLANG_WARN_BOOL_CONVERSION = YES;
				CLANG_WARN_COMMA = YES;
				CLANG_WARN_CONSTANT_CONVERSION = YES;
				CLANG_WARN_DEPRECATED_OBJC_IMPLEMENTATIONS = YES;
				CLANG_WARN_DIRECT_OBJC_ISA_USAGE = YES_ERROR;
				CLANG_WARN_DOCUMENTATION_COMMENTS = YES;
				CLANG_WARN_EMPTY_BODY = YES;
				CLANG_WARN_ENUM_CONVERSION = YES;
				CLANG_WARN_INFINITE_RECURSION = YES;
				CLANG_WARN_INT_CONVERSION = YES;
				CLANG_WARN_NON_LITERAL_NULL_CONVERSION = YES;
				CLANG_WARN_OBJC_IMPLICIT_RETAIN_SELF = YES;
				CLANG_WARN_OBJC_LITERAL_CONVERSION = YES;
				CLANG_WARN_OBJC_ROOT_CLASS = YES_ERROR;
				CLANG_WARN_RANGE_LOOP_ANALYSIS = YES;
				CLANG_WARN_STRICT_PROTOTYPES = YES;
				CLANG_WARN_SUSPICIOUS_MOVE = YES;
				CLANG_WARN_UNGUARDED_AVAILABILITY = YES_AGGRESSIVE;
				CLANG_WARN_UNREACHABLE_CODE = YES;
				CLANG_WARN__DUPLICATE_METHOD_MATCH = YES;
				CODE_SIGN_IDENTITY = "iPhone Developer";
				COPY_PHASE_STRIP = NO;
				DEBUG_INFORMATION_FORMAT = dwarf;
				ENABLE_STRICT_OBJC_MSGSEND = YES;
				ENABLE_TESTABILITY = YES;
				GCC_C_LANGUAGE_STANDARD = gnu11;
				GCC_DYNAMIC_NO_PIC = NO;
				GCC_NO_COMMON_BLOCKS = YES;
				GCC_OPTIMIZATION_LEVEL = 0;
				GCC_PREPROCESSOR_DEFINITIONS = (
					"DEBUG=1",
					"$(inherited)",
				);
				GCC_WARN_64_TO_32_BIT_CONVERSION = YES;
				GCC_WARN_ABOUT_RETURN_TYPE = YES_ERROR;
				GCC_WARN_UNDECLARED_SELECTOR = YES;
				GCC_WARN_UNINITIALIZED_AUTOS = YES_AGGRESSIVE;
				GCC_WARN_UNUSED_FUNCTION = YES;
				GCC_WARN_UNUSED_VARIABLE = YES;
				IPHONEOS_DEPLOYMENT_TARGET = 11.4;
				MTL_ENABLE_DEBUG_INFO = YES;
				ONLY_ACTIVE_ARCH = YES;
				SDKROOT = iphoneos;
				SWIFT_ACTIVE_COMPILATION_CONDITIONS = DEBUG;
				SWIFT_OPTIMIZATION_LEVEL = "-Onone";
			};
			name = Debug;
		};
		90789CD2213B28E500044124 /* Release */ = {
			isa = XCBuildConfiguration;
			buildSettings = {
				ALWAYS_SEARCH_USER_PATHS = NO;
				CLANG_ANALYZER_NONNULL = YES;
				CLANG_ANALYZER_NUMBER_OBJECT_CONVERSION = YES_AGGRESSIVE;
				CLANG_CXX_LANGUAGE_STANDARD = "gnu++14";
				CLANG_CXX_LIBRARY = "libc++";
				CLANG_ENABLE_MODULES = YES;
				CLANG_ENABLE_OBJC_ARC = YES;
				CLANG_ENABLE_OBJC_WEAK = YES;
				CLANG_WARN_BLOCK_CAPTURE_AUTORELEASING = YES;
				CLANG_WARN_BOOL_CONVERSION = YES;
				CLANG_WARN_COMMA = YES;
				CLANG_WARN_CONSTANT_CONVERSION = YES;
				CLANG_WARN_DEPRECATED_OBJC_IMPLEMENTATIONS = YES;
				CLANG_WARN_DIRECT_OBJC_ISA_USAGE = YES_ERROR;
				CLANG_WARN_DOCUMENTATION_COMMENTS = YES;
				CLANG_WARN_EMPTY_BODY = YES;
				CLANG_WARN_ENUM_CONVERSION = YES;
				CLANG_WARN_INFINITE_RECURSION = YES;
				CLANG_WARN_INT_CONVERSION = YES;
				CLANG_WARN_NON_LITERAL_NULL_CONVERSION = YES;
				CLANG_WARN_OBJC_IMPLICIT_RETAIN_SELF = YES;
				CLANG_WARN_OBJC_LITERAL_CONVERSION = YES;
				CLANG_WARN_OBJC_ROOT_CLASS = YES_ERROR;
				CLANG_WARN_RANGE_LOOP_ANALYSIS = YES;
				CLANG_WARN_STRICT_PROTOTYPES = YES;
				CLANG_WARN_SUSPICIOUS_MOVE = YES;
				CLANG_WARN_UNGUARDED_AVAILABILITY = YES_AGGRESSIVE;
				CLANG_WARN_UNREACHABLE_CODE = YES;
				CLANG_WARN__DUPLICATE_METHOD_MATCH = YES;
				CODE_SIGN_IDENTITY = "iPhone Developer";
				COPY_PHASE_STRIP = NO;
				DEBUG_INFORMATION_FORMAT = "dwarf-with-dsym";
				ENABLE_NS_ASSERTIONS = NO;
				ENABLE_STRICT_OBJC_MSGSEND = YES;
				GCC_C_LANGUAGE_STANDARD = gnu11;
				GCC_NO_COMMON_BLOCKS = YES;
				GCC_WARN_64_TO_32_BIT_CONVERSION = YES;
				GCC_WARN_ABOUT_RETURN_TYPE = YES_ERROR;
				GCC_WARN_UNDECLARED_SELECTOR = YES;
				GCC_WARN_UNINITIALIZED_AUTOS = YES_AGGRESSIVE;
				GCC_WARN_UNUSED_FUNCTION = YES;
				GCC_WARN_UNUSED_VARIABLE = YES;
				IPHONEOS_DEPLOYMENT_TARGET = 11.4;
				MTL_ENABLE_DEBUG_INFO = NO;
				SDKROOT = iphoneos;
				SWIFT_COMPILATION_MODE = wholemodule;
				SWIFT_OPTIMIZATION_LEVEL = "-O";
				VALIDATE_PRODUCT = YES;
			};
			name = Release;
		};
		90789CD4213B28E500044124 /* Debug */ = {
			isa = XCBuildConfiguration;
			buildSettings = {
				ASSETCATALOG_COMPILER_APPICON_NAME = AppIcon;
				CODE_SIGN_STYLE = Automatic;
				INFOPLIST_FILE = CustomCollectionView/Info.plist;
				LD_RUNPATH_SEARCH_PATHS = (
					"$(inherited)",
					"@executable_path/Frameworks",
				);
				PRODUCT_BUNDLE_IDENTIFIER = ravan.CustomCollectionView;
				PRODUCT_NAME = "$(TARGET_NAME)";
				SWIFT_VERSION = 4.0;
				TARGETED_DEVICE_FAMILY = "1,2";
			};
			name = Debug;
		};
		90789CD5213B28E500044124 /* Release */ = {
			isa = XCBuildConfiguration;
			buildSettings = {
				ASSETCATALOG_COMPILER_APPICON_NAME = AppIcon;
				CODE_SIGN_STYLE = Automatic;
				INFOPLIST_FILE = CustomCollectionView/Info.plist;
				LD_RUNPATH_SEARCH_PATHS = (
					"$(inherited)",
					"@executable_path/Frameworks",
				);
				PRODUCT_BUNDLE_IDENTIFIER = ravan.CustomCollectionView;
				PRODUCT_NAME = "$(TARGET_NAME)";
				SWIFT_VERSION = 4.0;
				TARGETED_DEVICE_FAMILY = "1,2";
			};
			name = Release;
		};
/* End XCBuildConfiguration section */

/* Begin XCConfigurationList section */
		90789CBC213B28E400044124 /* Build configuration list for PBXProject "CustomCollectionView" */ = {
			isa = XCConfigurationList;
			buildConfigurations = (
				90789CD1213B28E500044124 /* Debug */,
				90789CD2213B28E500044124 /* Release */,
			);
			defaultConfigurationIsVisible = 0;
			defaultConfigurationName = Release;
		};
		90789CD3213B28E500044124 /* Build configuration list for PBXNativeTarget "CustomCollectionView" */ = {
			isa = XCConfigurationList;
			buildConfigurations = (
				90789CD4213B28E500044124 /* Debug */,
				90789CD5213B28E500044124 /* Release */,
			);
			defaultConfigurationIsVisible = 0;
			defaultConfigurationName = Release;
		};
/* End XCConfigurationList section */
	};
	rootObject = 90789CB9213B28E400044124 /* Project object */;
}
