// !$*UTF8*$!
{
	archiveVersion = 1;
	classes = {
	};
	objectVersion = 50;
	objects = {

/* Begin PBXBuildFile section */
		90BE396D214987C30071942F /* AppDelegate.swift in Sources */ = {isa = PBXBuildFile; fileRef = 90BE396C214987C30071942F /* AppDelegate.swift */; };
		90BE396F214987C30071942F /* ViewController.swift in Sources */ = {isa = PBXBuildFile; fileRef = 90BE396E214987C30071942F /* ViewController.swift */; };
		90BE3972214987C40071942F /* Main.storyboard in Resources */ = {isa = PBXBuildFile; fileRef = 90BE3970214987C40071942F /* Main.storyboard */; };
		90BE3974214987C50071942F /* Assets.xcassets in Resources */ = {isa = PBXBuildFile; fileRef = 90BE3973214987C50071942F /* Assets.xcassets */; };
		90BE3977214987C50071942F /* LaunchScreen.storyboard in Resources */ = {isa = PBXBuildFile; fileRef = 90BE3975214987C50071942F /* LaunchScreen.storyboard */; };
		90BE397F214988D00071942F /* UI+Image.swift in Sources */ = {isa = PBXBuildFile; fileRef = 90BE397E214988D00071942F /* UI+Image.swift */; };
		90BE3981214989A20071942F /* xyz.gif in Resources */ = {isa = PBXBuildFile; fileRef = 90BE3980214989A20071942F /* xyz.gif */; };
/* End PBXBuildFile section */

/* Begin PBXFileReference section */
		90BE3969214987C30071942F /* Ch17 GIF in UIImage 1 Line of Code.app */ = {isa = PBXFileReference; explicitFileType = wrapper.application; includeInIndex = 0; path = "Ch17 GIF in UIImage 1 Line of Code.app"; sourceTree = BUILT_PRODUCTS_DIR; };
		90BE396C214987C30071942F /* AppDelegate.swift */ = {isa = PBXFileReference; lastKnownFileType = sourcecode.swift; path = AppDelegate.swift; sourceTree = "<group>"; };
		90BE396E214987C30071942F /* ViewController.swift */ = {isa = PBXFileReference; lastKnownFileType = sourcecode.swift; path = ViewController.swift; sourceTree = "<group>"; };
		90BE3971214987C40071942F /* Base */ = {isa = PBXFileReference; lastKnownFileType = file.storyboard; name = Base; path = Base.lproj/Main.storyboard; sourceTree = "<group>"; };
		90BE3973214987C50071942F /* Assets.xcassets */ = {isa = PBXFileReference; lastKnownFileType = folder.assetcatalog; path = Assets.xcassets; sourceTree = "<group>"; };
		90BE3976214987C50071942F /* Base */ = {isa = PBXFileReference; lastKnownFileType = file.storyboard; name = Base; path = Base.lproj/LaunchScreen.storyboard; sourceTree = "<group>"; };
		90BE3978214987C50071942F /* Info.plist */ = {isa = PBXFileReference; lastKnownFileType = text.plist.xml; path = Info.plist; sourceTree = "<group>"; };
		90BE397E214988D00071942F /* UI+Image.swift */ = {isa = PBXFileReference; lastKnownFileType = sourcecode.swift; path = "UI+Image.swift"; sourceTree = "<group>"; };
		90BE3980214989A20071942F /* xyz.gif */ = {isa = PBXFileReference; lastKnownFileType = image.gif; path = xyz.gif; sourceTree = "<group>"; };
/* End PBXFileReference section */

/* Begin PBXFrameworksBuildPhase section */
		90BE3966214987C30071942F /* Frameworks */ = {
			isa = PBXFrameworksBuildPhase;
			buildActionMask = 2147483647;
			files = (
			);
			runOnlyForDeploymentPostprocessing = 0;
		};
/* End PBXFrameworksBuildPhase section */

/* Begin PBXGroup section */
		90BE3960214987C30071942F = {
			isa = PBXGroup;
			children = (
				90BE396B214987C30071942F /* Ch17 GIF in UIImage 1 Line of Code */,
				90BE396A214987C30071942F /* Products */,
			);
			sourceTree = "<group>";
		};
		90BE396A214987C30071942F /* Products */ = {
			isa = PBXGroup;
			children = (
				90BE3969214987C30071942F /* Ch17 GIF in UIImage 1 Line of Code.app */,
			);
			name = Products;
			sourceTree = "<group>";
		};
		90BE396B214987C30071942F /* Ch17 GIF in UIImage 1 Line of Code */ = {
			isa = PBXGroup;
			children = (
				90BE3980214989A20071942F /* xyz.gif */,
				90BE396C214987C30071942F /* AppDelegate.swift */,
				90BE396E214987C30071942F /* ViewController.swift */,
				90BE3970214987C40071942F /* Main.storyboard */,
				90BE3973214987C50071942F /* Assets.xcassets */,
				90BE3975214987C50071942F /* LaunchScreen.storyboard */,
				90BE3978214987C50071942F /* Info.plist */,
				90BE397E214988D00071942F /* UI+Image.swift */,
			);
			path = "Ch17 GIF in UIImage 1 Line of Code";
			sourceTree = "<group>";
		};
/* End PBXGroup section */

/* Begin PBXNativeTarget section */
		90BE3968214987C30071942F /* Ch17 GIF in UIImage 1 Line of Code */ = {
			isa = PBXNativeTarget;
			buildConfigurationList = 90BE397B214987C50071942F /* Build configuration list for PBXNativeTarget "Ch17 GIF in UIImage 1 Line of Code" */;
			buildPhases = (
				90BE3965214987C30071942F /* Sources */,
				90BE3966214987C30071942F /* Frameworks */,
				90BE3967214987C30071942F /* Resources */,
			);
			buildRules = (
			);
			dependencies = (
			);
			name = "Ch17 GIF in UIImage 1 Line of Code";
			productName = "Ch17 GIF in UIImage 1 Line of Code";
			productReference = 90BE3969214987C30071942F /* Ch17 GIF in UIImage 1 Line of Code.app */;
			productType = "com.apple.product-type.application";
		};
/* End PBXNativeTarget section */

/* Begin PBXProject section */
		90BE3961214987C30071942F /* Project object */ = {
			isa = PBXProject;
			attributes = {
				LastSwiftUpdateCheck = 0940;
				LastUpgradeCheck = 0940;
				ORGANIZATIONNAME = Ravan;
				TargetAttributes = {
					90BE3968214987C30071942F = {
						CreatedOnToolsVersion = 9.4.1;
					};
				};
			};
			buildConfigurationList = 90BE3964214987C30071942F /* Build configuration list for PBXProject "Ch17 GIF in UIImage 1 Line of Code" */;
			compatibilityVersion = "Xcode 9.3";
			developmentRegion = en;
			hasScannedForEncodings = 0;
			knownRegions = (
				en,
				Base,
			);
			mainGroup = 90BE3960214987C30071942F;
			productRefGroup = 90BE396A214987C30071942F /* Products */;
			projectDirPath = "";
			projectRoot = "";
			targets = (
				90BE3968214987C30071942F /* Ch17 GIF in UIImage 1 Line of Code */,
			);
		};
/* End PBXProject section */

/* Begin PBXResourcesBuildPhase section */
		90BE3967214987C30071942F /* Resources */ = {
			isa = PBXResourcesBuildPhase;
			buildActionMask = 2147483647;
			files = (
				90BE3977214987C50071942F /* LaunchScreen.storyboard in Resources */,
				90BE3974214987C50071942F /* Assets.xcassets in Resources */,
				90BE3981214989A20071942F /* xyz.gif in Resources */,
				90BE3972214987C40071942F /* Main.storyboard in Resources */,
			);
			runOnlyForDeploymentPostprocessing = 0;
		};
/* End PBXResourcesBuildPhase section */

/* Begin PBXSourcesBuildPhase section */
		90BE3965214987C30071942F /* Sources */ = {
			isa = PBXSourcesBuildPhase;
			buildActionMask = 2147483647;
			files = (
				90BE396F214987C30071942F /* ViewController.swift in Sources */,
				90BE396D214987C30071942F /* AppDelegate.swift in Sources */,
				90BE397F214988D00071942F /* UI+Image.swift in Sources */,
			);
			runOnlyForDeploymentPostprocessing = 0;
		};
/* End PBXSourcesBuildPhase section */

/* Begin PBXVariantGroup section */
		90BE3970214987C40071942F /* Main.storyboard */ = {
			isa = PBXVariantGroup;
			children = (
				90BE3971214987C40071942F /* Base */,
			);
			name = Main.storyboard;
			sourceTree = "<group>";
		};
		90BE3975214987C50071942F /* LaunchScreen.storyboard */ = {
			isa = PBXVariantGroup;
			children = (
				90BE3976214987C50071942F /* Base */,
			);
			name = LaunchScreen.storyboard;
			sourceTree = "<group>";
		};
/* End PBXVariantGroup section */

/* Begin XCBuildConfiguration section */
		90BE3979214987C50071942F /* Debug */ = {
			isa = XCBuildConfiguration;
			buildSettings = {
				ALWAYS_SEARCH_USER_PATHS = NO;
				CLANG_ANALYZER_NONNULL = YES;
				CLANG_ANALYZER_NUMBER_OBJECT_CONVERSION = YES_AGGRESSIVE;
				CLANG_CXX_LANGUAGE_STANDARD = "gnu++14";
				CLANG_CXX_LIBRARY = "libc++";
				CLANG_ENABLE_MODULES = YES;
				CLANG_ENABLE_OBJC_ARC = YES;
				CLANG_ENABLE_OBJC_WEAK = YES;
				CLANG_WARN_BLOCK_CAPTURE_AUTORELEASING = YES;
				CLANG_WARN_BOOL_CONVERSION = YES;
				CLANG_WARN_COMMA = YES;
				CLANG_WARN_CONSTANT_CONVERSION = YES;
				CLANG_WARN_DEPRECATED_OBJC_IMPLEMENTATIONS = YES;
				CLANG_WARN_DIRECT_OBJC_ISA_USAGE = YES_ERROR;
				CLANG_WARN_DOCUMENTATION_COMMENTS = YES;
				CLANG_WARN_EMPTY_BODY = YES;
				CLANG_WARN_ENUM_CONVERSION = YES;
				CLANG_WARN_INFINITE_RECURSION = YES;
				CLANG_WARN_INT_CONVERSION = YES;
				CLANG_WARN_NON_LITERAL_NULL_CONVERSION = YES;
				CLANG_WARN_OBJC_IMPLICIT_RETAIN_SELF = YES;
				CLANG_WARN_OBJC_LITERAL_CONVERSION = YES;
				CLANG_WARN_OBJC_ROOT_CLASS = YES_ERROR;
				CLANG_WARN_RANGE_LOOP_ANALYSIS = YES;
				CLANG_WARN_STRICT_PROTOTYPES = YES;
				CLANG_WARN_SUSPICIOUS_MOVE = YES;
				CLANG_WARN_UNGUARDED_AVAILABILITY = YES_AGGRESSIVE;
				CLANG_WARN_UNREACHABLE_CODE = YES;
				CLANG_WARN__DUPLICATE_METHOD_MATCH = YES;
				CODE_SIGN_IDENTITY = "iPhone Developer";
				COPY_PHASE_STRIP = NO;
				DEBUG_INFORMATION_FORMAT = dwarf;
				ENABLE_STRICT_OBJC_MSGSEND = YES;
				ENABLE_TESTABILITY = YES;
				GCC_C_LANGUAGE_STANDARD = gnu11;
				GCC_DYNAMIC_NO_PIC = NO;
				GCC_NO_COMMON_BLOCKS = YES;
				GCC_OPTIMIZATION_LEVEL = 0;
				GCC_PREPROCESSOR_DEFINITIONS = (
					"DEBUG=1",
					"$(inherited)",
				);
				GCC_WARN_64_TO_32_BIT_CONVERSION = YES;
				GCC_WARN_ABOUT_RETURN_TYPE = YES_ERROR;
				GCC_WARN_UNDECLARED_SELECTOR = YES;
				GCC_WARN_UNINITIALIZED_AUTOS = YES_AGGRESSIVE;
				GCC_WARN_UNUSED_FUNCTION = YES;
				GCC_WARN_UNUSED_VARIABLE = YES;
				IPHONEOS_DEPLOYMENT_TARGET = 11.4;
				MTL_ENABLE_DEBUG_INFO = YES;
				ONLY_ACTIVE_ARCH = YES;
				SDKROOT = iphoneos;
				SWIFT_ACTIVE_COMPILATION_CONDITIONS = DEBUG;
				SWIFT_OPTIMIZATION_LEVEL = "-Onone";
			};
			name = Debug;
		};
		90BE397A214987C50071942F /* Release */ = {
			isa = XCBuildConfiguration;
			buildSettings = {
				ALWAYS_SEARCH_USER_PATHS = NO;
				CLANG_ANALYZER_NONNULL = YES;
				CLANG_ANALYZER_NUMBER_OBJECT_CONVERSION = YES_AGGRESSIVE;
				CLANG_CXX_LANGUAGE_STANDARD = "gnu++14";
				CLANG_CXX_LIBRARY = "libc++";
				CLANG_ENABLE_MODULES = YES;
				CLANG_ENABLE_OBJC_ARC = YES;
				CLANG_ENABLE_OBJC_WEAK = YES;
				CLANG_WARN_BLOCK_CAPTURE_AUTORELEASING = YES;
				CLANG_WARN_BOOL_CONVERSION = YES;
				CLANG_WARN_COMMA = YES;
				CLANG_WARN_CONSTANT_CONVERSION = YES;
				CLANG_WARN_DEPRECATED_OBJC_IMPLEMENTATIONS = YES;
				CLANG_WARN_DIRECT_OBJC_ISA_USAGE = YES_ERROR;
				CLANG_WARN_DOCUMENTATION_COMMENTS = YES;
				CLANG_WARN_EMPTY_BODY = YES;
				CLANG_WARN_ENUM_CONVERSION = YES;
				CLANG_WARN_INFINITE_RECURSION = YES;
				CLANG_WARN_INT_CONVERSION = YES;
				CLANG_WARN_NON_LITERAL_NULL_CONVERSION = YES;
				CLANG_WARN_OBJC_IMPLICIT_RETAIN_SELF = YES;
				CLANG_WARN_OBJC_LITERAL_CONVERSION = YES;
				CLANG_WARN_OBJC_ROOT_CLASS = YES_ERROR;
				CLANG_WARN_RANGE_LOOP_ANALYSIS = YES;
				CLANG_WARN_STRICT_PROTOTYPES = YES;
				CLANG_WARN_SUSPICIOUS_MOVE = YES;
				CLANG_WARN_UNGUARDED_AVAILABILITY = YES_AGGRESSIVE;
				CLANG_WARN_UNREACHABLE_CODE = YES;
				CLANG_WARN__DUPLICATE_METHOD_MATCH = YES;
				CODE_SIGN_IDENTITY = "iPhone Developer";
				COPY_PHASE_STRIP = NO;
				DEBUG_INFORMATION_FORMAT = "dwarf-with-dsym";
				ENABLE_NS_ASSERTIONS = NO;
				ENABLE_STRICT_OBJC_MSGSEND = YES;
				GCC_C_LANGUAGE_STANDARD = gnu11;
				GCC_NO_COMMON_BLOCKS = YES;
				GCC_WARN_64_TO_32_BIT_CONVERSION = YES;
				GCC_WARN_ABOUT_RETURN_TYPE = YES_ERROR;
				GCC_WARN_UNDECLARED_SELECTOR = YES;
				GCC_WARN_UNINITIALIZED_AUTOS = YES_AGGRESSIVE;
				GCC_WARN_UNUSED_FUNCTION = YES;
				GCC_WARN_UNUSED_VARIABLE = YES;
				IPHONEOS_DEPLOYMENT_TARGET = 11.4;
				MTL_ENABLE_DEBUG_INFO = NO;
				SDKROOT = iphoneos;
				SWIFT_COMPILATION_MODE = wholemodule;
				SWIFT_OPTIMIZATION_LEVEL = "-O";
				VALIDATE_PRODUCT = YES;
			};
			name = Release;
		};
		90BE397C214987C50071942F /* Debug */ = {
			isa = XCBuildConfiguration;
			buildSettings = {
				ASSETCATALOG_COMPILER_APPICON_NAME = AppIcon;
				CODE_SIGN_STYLE = Automatic;
				INFOPLIST_FILE = "Ch17 GIF in UIImage 1 Line of Code/Info.plist";
				LD_RUNPATH_SEARCH_PATHS = (
					"$(inherited)",
					"@executable_path/Frameworks",
				);
				PRODUCT_BUNDLE_IDENTIFIER = "ravan.Ch17-GIF-in-UIImage-1-Line-of-Code";
				PRODUCT_NAME = "$(TARGET_NAME)";
				SWIFT_VERSION = 4.0;
				TARGETED_DEVICE_FAMILY = "1,2";
			};
			name = Debug;
		};
		90BE397D214987C50071942F /* Release */ = {
			isa = XCBuildConfiguration;
			buildSettings = {
				ASSETCATALOG_COMPILER_APPICON_NAME = AppIcon;
				CODE_SIGN_STYLE = Automatic;
				INFOPLIST_FILE = "Ch17 GIF in UIImage 1 Line of Code/Info.plist";
				LD_RUNPATH_SEARCH_PATHS = (
					"$(inherited)",
					"@executable_path/Frameworks",
				);
				PRODUCT_BUNDLE_IDENTIFIER = "ravan.Ch17-GIF-in-UIImage-1-Line-of-Code";
				PRODUCT_NAME = "$(TARGET_NAME)";
				SWIFT_VERSION = 4.0;
				TARGETED_DEVICE_FAMILY = "1,2";
			};
			name = Release;
		};
/* End XCBuildConfiguration section */

/* Begin XCConfigurationList section */
		90BE3964214987C30071942F /* Build configuration list for PBXProject "Ch17 GIF in UIImage 1 Line of Code" */ = {
			isa = XCConfigurationList;
			buildConfigurations = (
				90BE3979214987C50071942F /* Debug */,
				90BE397A214987C50071942F /* Release */,
			);
			defaultConfigurationIsVisible = 0;
			defaultConfigurationName = Release;
		};
		90BE397B214987C50071942F /* Build configuration list for PBXNativeTarget "Ch17 GIF in UIImage 1 Line of Code" */ = {
			isa = XCConfigurationList;
			buildConfigurations = (
				90BE397C214987C50071942F /* Debug */,
				90BE397D214987C50071942F /* Release */,
			);
			defaultConfigurationIsVisible = 0;
			defaultConfigurationName = Release;
		};
/* End XCConfigurationList section */
	};
	rootObject = 90BE3961214987C30071942F /* Project object */;
}
