// !$*UTF8*$!
{
	archiveVersion = 1;
	classes = {
	};
	objectVersion = 50;
	objects = {

/* Begin PBXBuildFile section */
		909550E92139B7390063E128 /* AppDelegate.swift in Sources */ = {isa = PBXBuildFile; fileRef = 909550E82139B7390063E128 /* AppDelegate.swift */; };
		909550EB2139B7390063E128 /* ViewController.swift in Sources */ = {isa = PBXBuildFile; fileRef = 909550EA2139B7390063E128 /* ViewController.swift */; };
		909550EE2139B7390063E128 /* Main.storyboard in Resources */ = {isa = PBXBuildFile; fileRef = 909550EC2139B7390063E128 /* Main.storyboard */; };
		909550F02139B73B0063E128 /* Assets.xcassets in Resources */ = {isa = PBXBuildFile; fileRef = 909550EF2139B73B0063E128 /* Assets.xcassets */; };
		909550F32139B73B0063E128 /* LaunchScreen.storyboard in Resources */ = {isa = PBXBuildFile; fileRef = 909550F12139B73B0063E128 /* LaunchScreen.storyboard */; };
		909550FE2139B73B0063E128 /* CustomTableViewTests.swift in Sources */ = {isa = PBXBuildFile; fileRef = 909550FD2139B73B0063E128 /* CustomTableViewTests.swift */; };
		909551092139B73B0063E128 /* CustomTableViewUITests.swift in Sources */ = {isa = PBXBuildFile; fileRef = 909551082139B73B0063E128 /* CustomTableViewUITests.swift */; };
		909551172139B80B0063E128 /* TableViewCell.swift in Sources */ = {isa = PBXBuildFile; fileRef = 909551162139B80B0063E128 /* TableViewCell.swift */; };
		909551212139D6A30063E128 /* DetailViewController.swift in Sources */ = {isa = PBXBuildFile; fileRef = 909551202139D6A30063E128 /* DetailViewController.swift */; };
/* End PBXBuildFile section */

/* Begin PBXContainerItemProxy section */
		909550FA2139B73B0063E128 /* PBXContainerItemProxy */ = {
			isa = PBXContainerItemProxy;
			containerPortal = 909550DD2139B7390063E128 /* Project object */;
			proxyType = 1;
			remoteGlobalIDString = 909550E42139B7390063E128;
			remoteInfo = CustomTableView;
		};
		909551052139B73B0063E128 /* PBXContainerItemProxy */ = {
			isa = PBXContainerItemProxy;
			containerPortal = 909550DD2139B7390063E128 /* Project object */;
			proxyType = 1;
			remoteGlobalIDString = 909550E42139B7390063E128;
			remoteInfo = CustomTableView;
		};
/* End PBXContainerItemProxy section */

/* Begin PBXFileReference section */
		909550E52139B7390063E128 /* CustomTableView.app */ = {isa = PBXFileReference; explicitFileType = wrapper.application; includeInIndex = 0; path = CustomTableView.app; sourceTree = BUILT_PRODUCTS_DIR; };
		909550E82139B7390063E128 /* AppDelegate.swift */ = {isa = PBXFileReference; lastKnownFileType = sourcecode.swift; path = AppDelegate.swift; sourceTree = "<group>"; };
		909550EA2139B7390063E128 /* ViewController.swift */ = {isa = PBXFileReference; lastKnownFileType = sourcecode.swift; path = ViewController.swift; sourceTree = "<group>"; };
		909550ED2139B7390063E128 /* Base */ = {isa = PBXFileReference; lastKnownFileType = file.storyboard; name = Base; path = Base.lproj/Main.storyboard; sourceTree = "<group>"; };
		909550EF2139B73B0063E128 /* Assets.xcassets */ = {isa = PBXFileReference; lastKnownFileType = folder.assetcatalog; path = Assets.xcassets; sourceTree = "<group>"; };
		909550F22139B73B0063E128 /* Base */ = {isa = PBXFileReference; lastKnownFileType = file.storyboard; name = Base; path = Base.lproj/LaunchScreen.storyboard; sourceTree = "<group>"; };
		909550F42139B73B0063E128 /* Info.plist */ = {isa = PBXFileReference; lastKnownFileType = text.plist.xml; path = Info.plist; sourceTree = "<group>"; };
		909550F92139B73B0063E128 /* CustomTableViewTests.xctest */ = {isa = PBXFileReference; explicitFileType = wrapper.cfbundle; includeInIndex = 0; path = CustomTableViewTests.xctest; sourceTree = BUILT_PRODUCTS_DIR; };
		909550FD2139B73B0063E128 /* CustomTableViewTests.swift */ = {isa = PBXFileReference; lastKnownFileType = sourcecode.swift; path = CustomTableViewTests.swift; sourceTree = "<group>"; };
		909550FF2139B73B0063E128 /* Info.plist */ = {isa = PBXFileReference; lastKnownFileType = text.plist.xml; path = Info.plist; sourceTree = "<group>"; };
		909551042139B73B0063E128 /* CustomTableViewUITests.xctest */ = {isa = PBXFileReference; explicitFileType = wrapper.cfbundle; includeInIndex = 0; path = CustomTableViewUITests.xctest; sourceTree = BUILT_PRODUCTS_DIR; };
		909551082139B73B0063E128 /* CustomTableViewUITests.swift */ = {isa = PBXFileReference; lastKnownFileType = sourcecode.swift; path = CustomTableViewUITests.swift; sourceTree = "<group>"; };
		9095510A2139B73B0063E128 /* Info.plist */ = {isa = PBXFileReference; lastKnownFileType = text.plist.xml; path = Info.plist; sourceTree = "<group>"; };
		909551162139B80B0063E128 /* TableViewCell.swift */ = {isa = PBXFileReference; lastKnownFileType = sourcecode.swift; path = TableViewCell.swift; sourceTree = "<group>"; };
		909551202139D6A30063E128 /* DetailViewController.swift */ = {isa = PBXFileReference; lastKnownFileType = sourcecode.swift; path = DetailViewController.swift; sourceTree = "<group>"; };
/* End PBXFileReference section */

/* Begin PBXFrameworksBuildPhase section */
		909550E22139B7390063E128 /* Frameworks */ = {
			isa = PBXFrameworksBuildPhase;
			buildActionMask = 2147483647;
			files = (
			);
			runOnlyForDeploymentPostprocessing = 0;
		};
		909550F62139B73B0063E128 /* Frameworks */ = {
			isa = PBXFrameworksBuildPhase;
			buildActionMask = 2147483647;
			files = (
			);
			runOnlyForDeploymentPostprocessing = 0;
		};
		909551012139B73B0063E128 /* Frameworks */ = {
			isa = PBXFrameworksBuildPhase;
			buildActionMask = 2147483647;
			files = (
			);
			runOnlyForDeploymentPostprocessing = 0;
		};
/* End PBXFrameworksBuildPhase section */

/* Begin PBXGroup section */
		909550DC2139B7390063E128 = {
			isa = PBXGroup;
			children = (
				909550E72139B7390063E128 /* CustomTableView */,
				909550FC2139B73B0063E128 /* CustomTableViewTests */,
				909551072139B73B0063E128 /* CustomTableViewUITests */,
				909550E62139B7390063E128 /* Products */,
			);
			sourceTree = "<group>";
		};
		909550E62139B7390063E128 /* Products */ = {
			isa = PBXGroup;
			children = (
				909550E52139B7390063E128 /* CustomTableView.app */,
				909550F92139B73B0063E128 /* CustomTableViewTests.xctest */,
				909551042139B73B0063E128 /* CustomTableViewUITests.xctest */,
			);
			name = Products;
			sourceTree = "<group>";
		};
		909550E72139B7390063E128 /* CustomTableView */ = {
			isa = PBXGroup;
			children = (
				909550E82139B7390063E128 /* AppDelegate.swift */,
				909550EA2139B7390063E128 /* ViewController.swift */,
				909550EC2139B7390063E128 /* Main.storyboard */,
				909551202139D6A30063E128 /* DetailViewController.swift */,
				909550EF2139B73B0063E128 /* Assets.xcassets */,
				909550F12139B73B0063E128 /* LaunchScreen.storyboard */,
				909550F42139B73B0063E128 /* Info.plist */,
				909551162139B80B0063E128 /* TableViewCell.swift */,
			);
			path = CustomTableView;
			sourceTree = "<group>";
		};
		909550FC2139B73B0063E128 /* CustomTableViewTests */ = {
			isa = PBXGroup;
			children = (
				909550FD2139B73B0063E128 /* CustomTableViewTests.swift */,
				909550FF2139B73B0063E128 /* Info.plist */,
			);
			path = CustomTableViewTests;
			sourceTree = "<group>";
		};
		909551072139B73B0063E128 /* CustomTableViewUITests */ = {
			isa = PBXGroup;
			children = (
				909551082139B73B0063E128 /* CustomTableViewUITests.swift */,
				9095510A2139B73B0063E128 /* Info.plist */,
			);
			path = CustomTableViewUITests;
			sourceTree = "<group>";
		};
/* End PBXGroup section */

/* Begin PBXNativeTarget section */
		909550E42139B7390063E128 /* CustomTableView */ = {
			isa = PBXNativeTarget;
			buildConfigurationList = 9095510D2139B73B0063E128 /* Build configuration list for PBXNativeTarget "CustomTableView" */;
			buildPhases = (
				909550E12139B7390063E128 /* Sources */,
				909550E22139B7390063E128 /* Frameworks */,
				909550E32139B7390063E128 /* Resources */,
			);
			buildRules = (
			);
			dependencies = (
			);
			name = CustomTableView;
			productName = CustomTableView;
			productReference = 909550E52139B7390063E128 /* CustomTableView.app */;
			productType = "com.apple.product-type.application";
		};
		909550F82139B73B0063E128 /* CustomTableViewTests */ = {
			isa = PBXNativeTarget;
			buildConfigurationList = 909551102139B73B0063E128 /* Build configuration list for PBXNativeTarget "CustomTableViewTests" */;
			buildPhases = (
				909550F52139B73B0063E128 /* Sources */,
				909550F62139B73B0063E128 /* Frameworks */,
				909550F72139B73B0063E128 /* Resources */,
			);
			buildRules = (
			);
			dependencies = (
				909550FB2139B73B0063E128 /* PBXTargetDependency */,
			);
			name = CustomTableViewTests;
			productName = CustomTableViewTests;
			productReference = 909550F92139B73B0063E128 /* CustomTableViewTests.xctest */;
			productType = "com.apple.product-type.bundle.unit-test";
		};
		909551032139B73B0063E128 /* CustomTableViewUITests */ = {
			isa = PBXNativeTarget;
			buildConfigurationList = 909551132139B73B0063E128 /* Build configuration list for PBXNativeTarget "CustomTableViewUITests" */;
			buildPhases = (
				909551002139B73B0063E128 /* Sources */,
				909551012139B73B0063E128 /* Frameworks */,
				909551022139B73B0063E128 /* Resources */,
			);
			buildRules = (
			);
			dependencies = (
				909551062139B73B0063E128 /* PBXTargetDependency */,
			);
			name = CustomTableViewUITests;
			productName = CustomTableViewUITests;
			productReference = 909551042139B73B0063E128 /* CustomTableViewUITests.xctest */;
			productType = "com.apple.product-type.bundle.ui-testing";
		};
/* End PBXNativeTarget section */

/* Begin PBXProject section */
		909550DD2139B7390063E128 /* Project object */ = {
			isa = PBXProject;
			attributes = {
				LastSwiftUpdateCheck = 0940;
				LastUpgradeCheck = 0940;
				ORGANIZATIONNAME = Ravan;
				TargetAttributes = {
					909550E42139B7390063E128 = {
						CreatedOnToolsVersion = 9.4.1;
					};
					909550F82139B73B0063E128 = {
						CreatedOnToolsVersion = 9.4.1;
						TestTargetID = 909550E42139B7390063E128;
					};
					909551032139B73B0063E128 = {
						CreatedOnToolsVersion = 9.4.1;
						TestTargetID = 909550E42139B7390063E128;
					};
				};
			};
			buildConfigurationList = 909550E02139B7390063E128 /* Build configuration list for PBXProject "CustomTableView" */;
			compatibilityVersion = "Xcode 9.3";
			developmentRegion = en;
			hasScannedForEncodings = 0;
			knownRegions = (
				en,
				Base,
			);
			mainGroup = 909550DC2139B7390063E128;
			productRefGroup = 909550E62139B7390063E128 /* Products */;
			projectDirPath = "";
			projectRoot = "";
			targets = (
				909550E42139B7390063E128 /* CustomTableView */,
				909550F82139B73B0063E128 /* CustomTableViewTests */,
				909551032139B73B0063E128 /* CustomTableViewUITests */,
			);
		};
/* End PBXProject section */

/* Begin PBXResourcesBuildPhase section */
		909550E32139B7390063E128 /* Resources */ = {
			isa = PBXResourcesBuildPhase;
			buildActionMask = 2147483647;
			files = (
				909550F32139B73B0063E128 /* LaunchScreen.storyboard in Resources */,
				909550F02139B73B0063E128 /* Assets.xcassets in Resources */,
				909550EE2139B7390063E128 /* Main.storyboard in Resources */,
			);
			runOnlyForDeploymentPostprocessing = 0;
		};
		909550F72139B73B0063E128 /* Resources */ = {
			isa = PBXResourcesBuildPhase;
			buildActionMask = 2147483647;
			files = (
			);
			runOnlyForDeploymentPostprocessing = 0;
		};
		909551022139B73B0063E128 /* Resources */ = {
			isa = PBXResourcesBuildPhase;
			buildActionMask = 2147483647;
			files = (
			);
			runOnlyForDeploymentPostprocessing = 0;
		};
/* End PBXResourcesBuildPhase section */

/* Begin PBXSourcesBuildPhase section */
		909550E12139B7390063E128 /* Sources */ = {
			isa = PBXSourcesBuildPhase;
			buildActionMask = 2147483647;
			files = (
				909551172139B80B0063E128 /* TableViewCell.swift in Sources */,
				909550EB2139B7390063E128 /* ViewController.swift in Sources */,
				909550E92139B7390063E128 /* AppDelegate.swift in Sources */,
				909551212139D6A30063E128 /* DetailViewController.swift in Sources */,
			);
			runOnlyForDeploymentPostprocessing = 0;
		};
		909550F52139B73B0063E128 /* Sources */ = {
			isa = PBXSourcesBuildPhase;
			buildActionMask = 2147483647;
			files = (
				909550FE2139B73B0063E128 /* CustomTableViewTests.swift in Sources */,
			);
			runOnlyForDeploymentPostprocessing = 0;
		};
		909551002139B73B0063E128 /* Sources */ = {
			isa = PBXSourcesBuildPhase;
			buildActionMask = 2147483647;
			files = (
				909551092139B73B0063E128 /* CustomTableViewUITests.swift in Sources */,
			);
			runOnlyForDeploymentPostprocessing = 0;
		};
/* End PBXSourcesBuildPhase section */

/* Begin PBXTargetDependency section */
		909550FB2139B73B0063E128 /* PBXTargetDependency */ = {
			isa = PBXTargetDependency;
			target = 909550E42139B7390063E128 /* CustomTableView */;
			targetProxy = 909550FA2139B73B0063E128 /* PBXContainerItemProxy */;
		};
		909551062139B73B0063E128 /* PBXTargetDependency */ = {
			isa = PBXTargetDependency;
			target = 909550E42139B7390063E128 /* CustomTableView */;
			targetProxy = 909551052139B73B0063E128 /* PBXContainerItemProxy */;
		};
/* End PBXTargetDependency section */

/* Begin PBXVariantGroup section */
		909550EC2139B7390063E128 /* Main.storyboard */ = {
			isa = PBXVariantGroup;
			children = (
				909550ED2139B7390063E128 /* Base */,
			);
			name = Main.storyboard;
			sourceTree = "<group>";
		};
		909550F12139B73B0063E128 /* LaunchScreen.storyboard */ = {
			isa = PBXVariantGroup;
			children = (
				909550F22139B73B0063E128 /* Base */,
			);
			name = LaunchScreen.storyboard;
			sourceTree = "<group>";
		};
/* End PBXVariantGroup section */

/* Begin XCBuildConfiguration section */
		9095510B2139B73B0063E128 /* Debug */ = {
			isa = XCBuildConfiguration;
			buildSettings = {
				ALWAYS_SEARCH_USER_PATHS = NO;
				CLANG_ANALYZER_NONNULL = YES;
				CLANG_ANALYZER_NUMBER_OBJECT_CONVERSION = YES_AGGRESSIVE;
				CLANG_CXX_LANGUAGE_STANDARD = "gnu++14";
				CLANG_CXX_LIBRARY = "libc++";
				CLANG_ENABLE_MODULES = YES;
				CLANG_ENABLE_OBJC_ARC = YES;
				CLANG_ENABLE_OBJC_WEAK = YES;
				CLANG_WARN_BLOCK_CAPTURE_AUTORELEASING = YES;
				CLANG_WARN_BOOL_CONVERSION = YES;
				CLANG_WARN_COMMA = YES;
				CLANG_WARN_CONSTANT_CONVERSION = YES;
				CLANG_WARN_DEPRECATED_OBJC_IMPLEMENTATIONS = YES;
				CLANG_WARN_DIRECT_OBJC_ISA_USAGE = YES_ERROR;
				CLANG_WARN_DOCUMENTATION_COMMENTS = YES;
				CLANG_WARN_EMPTY_BODY = YES;
				CLANG_WARN_ENUM_CONVERSION = YES;
				CLANG_WARN_INFINITE_RECURSION = YES;
				CLANG_WARN_INT_CONVERSION = YES;
				CLANG_WARN_NON_LITERAL_NULL_CONVERSION = YES;
				CLANG_WARN_OBJC_IMPLICIT_RETAIN_SELF = YES;
				CLANG_WARN_OBJC_LITERAL_CONVERSION = YES;
				CLANG_WARN_OBJC_ROOT_CLASS = YES_ERROR;
				CLANG_WARN_RANGE_LOOP_ANALYSIS = YES;
				CLANG_WARN_STRICT_PROTOTYPES = YES;
				CLANG_WARN_SUSPICIOUS_MOVE = YES;
				CLANG_WARN_UNGUARDED_AVAILABILITY = YES_AGGRESSIVE;
				CLANG_WARN_UNREACHABLE_CODE = YES;
				CLANG_WARN__DUPLICATE_METHOD_MATCH = YES;
				CODE_SIGN_IDENTITY = "iPhone Developer";
				COPY_PHASE_STRIP = NO;
				DEBUG_INFORMATION_FORMAT = dwarf;
				ENABLE_STRICT_OBJC_MSGSEND = YES;
				ENABLE_TESTABILITY = YES;
				GCC_C_LANGUAGE_STANDARD = gnu11;
				GCC_DYNAMIC_NO_PIC = NO;
				GCC_NO_COMMON_BLOCKS = YES;
				GCC_OPTIMIZATION_LEVEL = 0;
				GCC_PREPROCESSOR_DEFINITIONS = (
					"DEBUG=1",
					"$(inherited)",
				);
				GCC_WARN_64_TO_32_BIT_CONVERSION = YES;
				GCC_WARN_ABOUT_RETURN_TYPE = YES_ERROR;
				GCC_WARN_UNDECLARED_SELECTOR = YES;
				GCC_WARN_UNINITIALIZED_AUTOS = YES_AGGRESSIVE;
				GCC_WARN_UNUSED_FUNCTION = YES;
				GCC_WARN_UNUSED_VARIABLE = YES;
				IPHONEOS_DEPLOYMENT_TARGET = 11.4;
				MTL_ENABLE_DEBUG_INFO = YES;
				ONLY_ACTIVE_ARCH = YES;
				SDKROOT = iphoneos;
				SWIFT_ACTIVE_COMPILATION_CONDITIONS = DEBUG;
				SWIFT_OPTIMIZATION_LEVEL = "-Onone";
			};
			name = Debug;
		};
		9095510C2139B73B0063E128 /* Release */ = {
			isa = XCBuildConfiguration;
			buildSettings = {
				ALWAYS_SEARCH_USER_PATHS = NO;
				CLANG_ANALYZER_NONNULL = YES;
				CLANG_ANALYZER_NUMBER_OBJECT_CONVERSION = YES_AGGRESSIVE;
				CLANG_CXX_LANGUAGE_STANDARD = "gnu++14";
				CLANG_CXX_LIBRARY = "libc++";
				CLANG_ENABLE_MODULES = YES;
				CLANG_ENABLE_OBJC_ARC = YES;
				CLANG_ENABLE_OBJC_WEAK = YES;
				CLANG_WARN_BLOCK_CAPTURE_AUTORELEASING = YES;
				CLANG_WARN_BOOL_CONVERSION = YES;
				CLANG_WARN_COMMA = YES;
				CLANG_WARN_CONSTANT_CONVERSION = YES;
				CLANG_WARN_DEPRECATED_OBJC_IMPLEMENTATIONS = YES;
				CLANG_WARN_DIRECT_OBJC_ISA_USAGE = YES_ERROR;
				CLANG_WARN_DOCUMENTATION_COMMENTS = YES;
				CLANG_WARN_EMPTY_BODY = YES;
				CLANG_WARN_ENUM_CONVERSION = YES;
				CLANG_WARN_INFINITE_RECURSION = YES;
				CLANG_WARN_INT_CONVERSION = YES;
				CLANG_WARN_NON_LITERAL_NULL_CONVERSION = YES;
				CLANG_WARN_OBJC_IMPLICIT_RETAIN_SELF = YES;
				CLANG_WARN_OBJC_LITERAL_CONVERSION = YES;
				CLANG_WARN_OBJC_ROOT_CLASS = YES_ERROR;
				CLANG_WARN_RANGE_LOOP_ANALYSIS = YES;
				CLANG_WARN_STRICT_PROTOTYPES = YES;
				CLANG_WARN_SUSPICIOUS_MOVE = YES;
				CLANG_WARN_UNGUARDED_AVAILABILITY = YES_AGGRESSIVE;
				CLANG_WARN_UNREACHABLE_CODE = YES;
				CLANG_WARN__DUPLICATE_METHOD_MATCH = YES;
				CODE_SIGN_IDENTITY = "iPhone Developer";
				COPY_PHASE_STRIP = NO;
				DEBUG_INFORMATION_FORMAT = "dwarf-with-dsym";
				ENABLE_NS_ASSERTIONS = NO;
				ENABLE_STRICT_OBJC_MSGSEND = YES;
				GCC_C_LANGUAGE_STANDARD = gnu11;
				GCC_NO_COMMON_BLOCKS = YES;
				GCC_WARN_64_TO_32_BIT_CONVERSION = YES;
				GCC_WARN_ABOUT_RETURN_TYPE = YES_ERROR;
				GCC_WARN_UNDECLARED_SELECTOR = YES;
				GCC_WARN_UNINITIALIZED_AUTOS = YES_AGGRESSIVE;
				GCC_WARN_UNUSED_FUNCTION = YES;
				GCC_WARN_UNUSED_VARIABLE = YES;
				IPHONEOS_DEPLOYMENT_TARGET = 11.4;
				MTL_ENABLE_DEBUG_INFO = NO;
				SDKROOT = iphoneos;
				SWIFT_COMPILATION_MODE = wholemodule;
				SWIFT_OPTIMIZATION_LEVEL = "-O";
				VALIDATE_PRODUCT = YES;
			};
			name = Release;
		};
		9095510E2139B73B0063E128 /* Debug */ = {
			isa = XCBuildConfiguration;
			buildSettings = {
				ASSETCATALOG_COMPILER_APPICON_NAME = AppIcon;
				CODE_SIGN_STYLE = Automatic;
				INFOPLIST_FILE = CustomTableView/Info.plist;
				LD_RUNPATH_SEARCH_PATHS = (
					"$(inherited)",
					"@executable_path/Frameworks",
				);
				PRODUCT_BUNDLE_IDENTIFIER = ravan.CustomTableView;
				PRODUCT_NAME = "$(TARGET_NAME)";
				SWIFT_VERSION = 4.0;
				TARGETED_DEVICE_FAMILY = "1,2";
			};
			name = Debug;
		};
		9095510F2139B73B0063E128 /* Release */ = {
			isa = XCBuildConfiguration;
			buildSettings = {
				ASSETCATALOG_COMPILER_APPICON_NAME = AppIcon;
				CODE_SIGN_STYLE = Automatic;
				INFOPLIST_FILE = CustomTableView/Info.plist;
				LD_RUNPATH_SEARCH_PATHS = (
					"$(inherited)",
					"@executable_path/Frameworks",
				);
				PRODUCT_BUNDLE_IDENTIFIER = ravan.CustomTableView;
				PRODUCT_NAME = "$(TARGET_NAME)";
				SWIFT_VERSION = 4.0;
				TARGETED_DEVICE_FAMILY = "1,2";
			};
			name = Release;
		};
		909551112139B73B0063E128 /* Debug */ = {
			isa = XCBuildConfiguration;
			buildSettings = {
				ALWAYS_EMBED_SWIFT_STANDARD_LIBRARIES = YES;
				BUNDLE_LOADER = "$(TEST_HOST)";
				CODE_SIGN_STYLE = Automatic;
				INFOPLIST_FILE = CustomTableViewTests/Info.plist;
				LD_RUNPATH_SEARCH_PATHS = (
					"$(inherited)",
					"@executable_path/Frameworks",
					"@loader_path/Frameworks",
				);
				PRODUCT_BUNDLE_IDENTIFIER = ravan.CustomTableViewTests;
				PRODUCT_NAME = "$(TARGET_NAME)";
				SWIFT_VERSION = 4.0;
				TARGETED_DEVICE_FAMILY = "1,2";
				TEST_HOST = "$(BUILT_PRODUCTS_DIR)/CustomTableView.app/CustomTableView";
			};
			name = Debug;
		};
		909551122139B73B0063E128 /* Release */ = {
			isa = XCBuildConfiguration;
			buildSettings = {
				ALWAYS_EMBED_SWIFT_STANDARD_LIBRARIES = YES;
				BUNDLE_LOADER = "$(TEST_HOST)";
				CODE_SIGN_STYLE = Automatic;
				INFOPLIST_FILE = CustomTableViewTests/Info.plist;
				LD_RUNPATH_SEARCH_PATHS = (
					"$(inherited)",
					"@executable_path/Frameworks",
					"@loader_path/Frameworks",
				);
				PRODUCT_BUNDLE_IDENTIFIER = ravan.CustomTableViewTests;
				PRODUCT_NAME = "$(TARGET_NAME)";
				SWIFT_VERSION = 4.0;
				TARGETED_DEVICE_FAMILY = "1,2";
				TEST_HOST = "$(BUILT_PRODUCTS_DIR)/CustomTableView.app/CustomTableView";
			};
			name = Release;
		};
		909551142139B73B0063E128 /* Debug */ = {
			isa = XCBuildConfiguration;
			buildSettings = {
				ALWAYS_EMBED_SWIFT_STANDARD_LIBRARIES = YES;
				CODE_SIGN_STYLE = Automatic;
				INFOPLIST_FILE = CustomTableViewUITests/Info.plist;
				LD_RUNPATH_SEARCH_PATHS = (
					"$(inherited)",
					"@executable_path/Frameworks",
					"@loader_path/Frameworks",
				);
				PRODUCT_BUNDLE_IDENTIFIER = ravan.CustomTableViewUITests;
				PRODUCT_NAME = "$(TARGET_NAME)";
				SWIFT_VERSION = 4.0;
				TARGETED_DEVICE_FAMILY = "1,2";
				TEST_TARGET_NAME = CustomTableView;
			};
			name = Debug;
		};
		909551152139B73B0063E128 /* Release */ = {
			isa = XCBuildConfiguration;
			buildSettings = {
				ALWAYS_EMBED_SWIFT_STANDARD_LIBRARIES = YES;
				CODE_SIGN_STYLE = Automatic;
				INFOPLIST_FILE = CustomTableViewUITests/Info.plist;
				LD_RUNPATH_SEARCH_PATHS = (
					"$(inherited)",
					"@executable_path/Frameworks",
					"@loader_path/Frameworks",
				);
				PRODUCT_BUNDLE_IDENTIFIER = ravan.CustomTableViewUITests;
				PRODUCT_NAME = "$(TARGET_NAME)";
				SWIFT_VERSION = 4.0;
				TARGETED_DEVICE_FAMILY = "1,2";
				TEST_TARGET_NAME = CustomTableView;
			};
			name = Release;
		};
/* End XCBuildConfiguration section */

/* Begin XCConfigurationList section */
		909550E02139B7390063E128 /* Build configuration list for PBXProject "CustomTableView" */ = {
			isa = XCConfigurationList;
			buildConfigurations = (
				9095510B2139B73B0063E128 /* Debug */,
				9095510C2139B73B0063E128 /* Release */,
			);
			defaultConfigurationIsVisible = 0;
			defaultConfigurationName = Release;
		};
		9095510D2139B73B0063E128 /* Build configuration list for PBXNativeTarget "CustomTableView" */ = {
			isa = XCConfigurationList;
			buildConfigurations = (
				9095510E2139B73B0063E128 /* Debug */,
				9095510F2139B73B0063E128 /* Release */,
			);
			defaultConfigurationIsVisible = 0;
			defaultConfigurationName = Release;
		};
		909551102139B73B0063E128 /* Build configuration list for PBXNativeTarget "CustomTableViewTests" */ = {
			isa = XCConfigurationList;
			buildConfigurations = (
				909551112139B73B0063E128 /* Debug */,
				909551122139B73B0063E128 /* Release */,
			);
			defaultConfigurationIsVisible = 0;
			defaultConfigurationName = Release;
		};
		909551132139B73B0063E128 /* Build configuration list for PBXNativeTarget "CustomTableViewUITests" */ = {
			isa = XCConfigurationList;
			buildConfigurations = (
				909551142139B73B0063E128 /* Debug */,
				909551152139B73B0063E128 /* Release */,
			);
			defaultConfigurationIsVisible = 0;
			defaultConfigurationName = Release;
		};
/* End XCConfigurationList section */
	};
	rootObject = 909550DD2139B7390063E128 /* Project object */;
}
